// !$*UTF8*$!
{
	archiveVersion = 1;
	classes = {
	};
	objectVersion = 46;
	objects = {

/* Begin PBXBuildFile section */
		8B3915EC1DA393AF003D3683 /* UserCell.m in Sources */ = {isa = PBXBuildFile; fileRef = 8B3915EB1DA393AF003D3683 /* UserCell.m */; };
		8B39160B1DA39820003D3683 /* NSData+ImageContentType.m in Sources */ = {isa = PBXBuildFile; fileRef = 8B3915EF1DA39820003D3683 /* NSData+ImageContentType.m */; };
		8B39160C1DA39820003D3683 /* SDImageCache.m in Sources */ = {isa = PBXBuildFile; fileRef = 8B3915F11DA39820003D3683 /* SDImageCache.m */; };
		8B39160D1DA39820003D3683 /* SDWebImageCompat.m in Sources */ = {isa = PBXBuildFile; fileRef = 8B3915F31DA39820003D3683 /* SDWebImageCompat.m */; };
		8B39160E1DA39820003D3683 /* SDWebImageDecoder.m in Sources */ = {isa = PBXBuildFile; fileRef = 8B3915F51DA39820003D3683 /* SDWebImageDecoder.m */; };
		8B39160F1DA39820003D3683 /* SDWebImageDownloader.m in Sources */ = {isa = PBXBuildFile; fileRef = 8B3915F71DA39820003D3683 /* SDWebImageDownloader.m */; };
		8B3916101DA39820003D3683 /* SDWebImageDownloaderOperation.m in Sources */ = {isa = PBXBuildFile; fileRef = 8B3915F91DA39820003D3683 /* SDWebImageDownloaderOperation.m */; };
		8B3916111DA39820003D3683 /* SDWebImageManager.m in Sources */ = {isa = PBXBuildFile; fileRef = 8B3915FB1DA39820003D3683 /* SDWebImageManager.m */; };
		8B3916121DA39820003D3683 /* SDWebImagePrefetcher.m in Sources */ = {isa = PBXBuildFile; fileRef = 8B3915FE1DA39820003D3683 /* SDWebImagePrefetcher.m */; };
		8B3916131DA39820003D3683 /* UIButton+WebCache.m in Sources */ = {isa = PBXBuildFile; fileRef = 8B3916001DA39820003D3683 /* UIButton+WebCache.m */; };
		8B3916141DA39820003D3683 /* UIImage+GIF.m in Sources */ = {isa = PBXBuildFile; fileRef = 8B3916021DA39820003D3683 /* UIImage+GIF.m */; };
		8B3916151DA39820003D3683 /* UIImage+MultiFormat.m in Sources */ = {isa = PBXBuildFile; fileRef = 8B3916041DA39820003D3683 /* UIImage+MultiFormat.m */; };
		8B3916161DA39820003D3683 /* UIImageView+HighlightedWebCache.m in Sources */ = {isa = PBXBuildFile; fileRef = 8B3916061DA39820003D3683 /* UIImageView+HighlightedWebCache.m */; };
		8B3916171DA39820003D3683 /* UIImageView+WebCache.m in Sources */ = {isa = PBXBuildFile; fileRef = 8B3916081DA39820003D3683 /* UIImageView+WebCache.m */; };
		8B3916181DA39820003D3683 /* UIView+WebCacheOperation.m in Sources */ = {isa = PBXBuildFile; fileRef = 8B39160A1DA39820003D3683 /* UIView+WebCacheOperation.m */; };
		8B39161B1DA3A452003D3683 /* DBManager.m in Sources */ = {isa = PBXBuildFile; fileRef = 8B39161A1DA3A452003D3683 /* DBManager.m */; };
		8B3916281DA3A6BA003D3683 /* FMDatabase.m in Sources */ = {isa = PBXBuildFile; fileRef = 8B39161E1DA3A6BA003D3683 /* FMDatabase.m */; };
		8B3916291DA3A6BA003D3683 /* FMDatabaseAdditions.m in Sources */ = {isa = PBXBuildFile; fileRef = 8B3916201DA3A6BA003D3683 /* FMDatabaseAdditions.m */; };
		8B39162A1DA3A6BA003D3683 /* FMDatabasePool.m in Sources */ = {isa = PBXBuildFile; fileRef = 8B3916221DA3A6BA003D3683 /* FMDatabasePool.m */; };
		8B39162B1DA3A6BA003D3683 /* FMDatabaseQueue.m in Sources */ = {isa = PBXBuildFile; fileRef = 8B3916241DA3A6BA003D3683 /* FMDatabaseQueue.m */; };
		8B39162C1DA3A6BA003D3683 /* FMResultSet.m in Sources */ = {isa = PBXBuildFile; fileRef = 8B3916271DA3A6BA003D3683 /* FMResultSet.m */; };
		8B3916411DA3CCBC003D3683 /* libsqlite3.0.tbd in Frameworks */ = {isa = PBXBuildFile; fileRef = 8B3916401DA3CCBC003D3683 /* libsqlite3.0.tbd */; };
		8B4BC0501DA26252004567A2 /* FirebaseAnalytics.framework in Frameworks */ = {isa = PBXBuildFile; fileRef = 8B4BC04B1DA26252004567A2 /* FirebaseAnalytics.framework */; };
		8B4BC0511DA26252004567A2 /* FirebaseInstanceID.framework in Frameworks */ = {isa = PBXBuildFile; fileRef = 8B4BC04C1DA26252004567A2 /* FirebaseInstanceID.framework */; };
		8B4BC0521DA26252004567A2 /* GoogleInterchangeUtilities.framework in Frameworks */ = {isa = PBXBuildFile; fileRef = 8B4BC04D1DA26252004567A2 /* GoogleInterchangeUtilities.framework */; };
		8B4BC0531DA26252004567A2 /* GoogleSymbolUtilities.framework in Frameworks */ = {isa = PBXBuildFile; fileRef = 8B4BC04E1DA26252004567A2 /* GoogleSymbolUtilities.framework */; };
		8B4BC0541DA26252004567A2 /* GoogleUtilities.framework in Frameworks */ = {isa = PBXBuildFile; fileRef = 8B4BC04F1DA26252004567A2 /* GoogleUtilities.framework */; };
		8B50B6F51DA5083200B80351 /* BaseDBObject.m in Sources */ = {isa = PBXBuildFile; fileRef = 8B50B6F41DA5083200B80351 /* BaseDBObject.m */; };
		8B60F74C1DA3E848009A3726 /* Users.sqlite in Resources */ = {isa = PBXBuildFile; fileRef = 8B60F74B1DA3E848009A3726 /* Users.sqlite */; };
		8B60F74D1DA3E848009A3726 /* Users.sqlite in Resources */ = {isa = PBXBuildFile; fileRef = 8B60F74B1DA3E848009A3726 /* Users.sqlite */; };
		8B7630691DA386F300223015 /* User.m in Sources */ = {isa = PBXBuildFile; fileRef = 8B7630681DA386F300223015 /* User.m */; };
		8B7630711DA387E000223015 /* SimpleDateConverter.m in Sources */ = {isa = PBXBuildFile; fileRef = 8B76306D1DA387E000223015 /* SimpleDateConverter.m */; };
		8B7630721DA387E000223015 /* ObjectMapper.m in Sources */ = {isa = PBXBuildFile; fileRef = 8B7630701DA387E000223015 /* ObjectMapper.m */; settings = {COMPILER_FLAGS = "-fno-objc-arc"; }; };
		8B7630751DA3893B00223015 /* JSONKit.m in Sources */ = {isa = PBXBuildFile; fileRef = 8B7630741DA3893B00223015 /* JSONKit.m */; settings = {COMPILER_FLAGS = "-fno-objc-arc"; }; };
		8BE5F8471DA23DD10008E5F8 /* main.m in Sources */ = {isa = PBXBuildFile; fileRef = 8BE5F8461DA23DD10008E5F8 /* main.m */; };
		8BE5F84A1DA23DD10008E5F8 /* AppDelegate.m in Sources */ = {isa = PBXBuildFile; fileRef = 8BE5F8491DA23DD10008E5F8 /* AppDelegate.m */; };
		8BE5F84D1DA23DD10008E5F8 /* ViewController.m in Sources */ = {isa = PBXBuildFile; fileRef = 8BE5F84C1DA23DD10008E5F8 /* ViewController.m */; };
		8BE5F8501DA23DD10008E5F8 /* Main.storyboard in Resources */ = {isa = PBXBuildFile; fileRef = 8BE5F84E1DA23DD10008E5F8 /* Main.storyboard */; };
		8BE5F8521DA23DD10008E5F8 /* Assets.xcassets in Resources */ = {isa = PBXBuildFile; fileRef = 8BE5F8511DA23DD10008E5F8 /* Assets.xcassets */; };
		8BE5F8551DA23DD10008E5F8 /* LaunchScreen.storyboard in Resources */ = {isa = PBXBuildFile; fileRef = 8BE5F8531DA23DD10008E5F8 /* LaunchScreen.storyboard */; };
		8BE5F8601DA23DD10008E5F8 /* FireBaseDemoTests.m in Sources */ = {isa = PBXBuildFile; fileRef = 8BE5F85F1DA23DD10008E5F8 /* FireBaseDemoTests.m */; };
		8BE5F86B1DA2418F0008E5F8 /* GoogleService-Info.plist in Resources */ = {isa = PBXBuildFile; fileRef = 8BE5F86A1DA2418F0008E5F8 /* GoogleService-Info.plist */; };
		8BE5F86E1DA2538A0008E5F8 /* FirebaseMessaging.framework in Frameworks */ = {isa = PBXBuildFile; fileRef = 8BE5F86C1DA2538A0008E5F8 /* FirebaseMessaging.framework */; };
		8BE5F86F1DA2538A0008E5F8 /* GoogleIPhoneUtilities.framework in Frameworks */ = {isa = PBXBuildFile; fileRef = 8BE5F86D1DA2538A0008E5F8 /* GoogleIPhoneUtilities.framework */; };
/* End PBXBuildFile section */

/* Begin PBXContainerItemProxy section */
		8BE5F85C1DA23DD10008E5F8 /* PBXContainerItemProxy */ = {
			isa = PBXContainerItemProxy;
			containerPortal = 8BE5F83A1DA23DCF0008E5F8 /* Project object */;
			proxyType = 1;
			remoteGlobalIDString = 8BE5F8411DA23DCF0008E5F8;
			remoteInfo = FireBaseDemo;
		};
/* End PBXContainerItemProxy section */

/* Begin PBXFileReference section */
		8B3915EA1DA393AF003D3683 /* UserCell.h */ = {isa = PBXFileReference; fileEncoding = 4; lastKnownFileType = sourcecode.c.h; path = UserCell.h; sourceTree = "<group>"; };
		8B3915EB1DA393AF003D3683 /* UserCell.m */ = {isa = PBXFileReference; fileEncoding = 4; lastKnownFileType = sourcecode.c.objc; path = UserCell.m; sourceTree = "<group>"; };
		8B3915EE1DA39820003D3683 /* NSData+ImageContentType.h */ = {isa = PBXFileReference; fileEncoding = 4; lastKnownFileType = sourcecode.c.h; path = "NSData+ImageContentType.h"; sourceTree = "<group>"; };
		8B3915EF1DA39820003D3683 /* NSData+ImageContentType.m */ = {isa = PBXFileReference; fileEncoding = 4; lastKnownFileType = sourcecode.c.objc; path = "NSData+ImageContentType.m"; sourceTree = "<group>"; };
		8B3915F01DA39820003D3683 /* SDImageCache.h */ = {isa = PBXFileReference; fileEncoding = 4; lastKnownFileType = sourcecode.c.h; path = SDImageCache.h; sourceTree = "<group>"; };
		8B3915F11DA39820003D3683 /* SDImageCache.m */ = {isa = PBXFileReference; fileEncoding = 4; lastKnownFileType = sourcecode.c.objc; path = SDImageCache.m; sourceTree = "<group>"; };
		8B3915F21DA39820003D3683 /* SDWebImageCompat.h */ = {isa = PBXFileReference; fileEncoding = 4; lastKnownFileType = sourcecode.c.h; path = SDWebImageCompat.h; sourceTree = "<group>"; };
		8B3915F31DA39820003D3683 /* SDWebImageCompat.m */ = {isa = PBXFileReference; fileEncoding = 4; lastKnownFileType = sourcecode.c.objc; path = SDWebImageCompat.m; sourceTree = "<group>"; };
		8B3915F41DA39820003D3683 /* SDWebImageDecoder.h */ = {isa = PBXFileReference; fileEncoding = 4; lastKnownFileType = sourcecode.c.h; path = SDWebImageDecoder.h; sourceTree = "<group>"; };
		8B3915F51DA39820003D3683 /* SDWebImageDecoder.m */ = {isa = PBXFileReference; fileEncoding = 4; lastKnownFileType = sourcecode.c.objc; path = SDWebImageDecoder.m; sourceTree = "<group>"; };
		8B3915F61DA39820003D3683 /* SDWebImageDownloader.h */ = {isa = PBXFileReference; fileEncoding = 4; lastKnownFileType = sourcecode.c.h; path = SDWebImageDownloader.h; sourceTree = "<group>"; };
		8B3915F71DA39820003D3683 /* SDWebImageDownloader.m */ = {isa = PBXFileReference; fileEncoding = 4; lastKnownFileType = sourcecode.c.objc; path = SDWebImageDownloader.m; sourceTree = "<group>"; };
		8B3915F81DA39820003D3683 /* SDWebImageDownloaderOperation.h */ = {isa = PBXFileReference; fileEncoding = 4; lastKnownFileType = sourcecode.c.h; path = SDWebImageDownloaderOperation.h; sourceTree = "<group>"; };
		8B3915F91DA39820003D3683 /* SDWebImageDownloaderOperation.m */ = {isa = PBXFileReference; fileEncoding = 4; lastKnownFileType = sourcecode.c.objc; path = SDWebImageDownloaderOperation.m; sourceTree = "<group>"; };
		8B3915FA1DA39820003D3683 /* SDWebImageManager.h */ = {isa = PBXFileReference; fileEncoding = 4; lastKnownFileType = sourcecode.c.h; path = SDWebImageManager.h; sourceTree = "<group>"; };
		8B3915FB1DA39820003D3683 /* SDWebImageManager.m */ = {isa = PBXFileReference; fileEncoding = 4; lastKnownFileType = sourcecode.c.objc; path = SDWebImageManager.m; sourceTree = "<group>"; };
		8B3915FC1DA39820003D3683 /* SDWebImageOperation.h */ = {isa = PBXFileReference; fileEncoding = 4; lastKnownFileType = sourcecode.c.h; path = SDWebImageOperation.h; sourceTree = "<group>"; };
		8B3915FD1DA39820003D3683 /* SDWebImagePrefetcher.h */ = {isa = PBXFileReference; fileEncoding = 4; lastKnownFileType = sourcecode.c.h; path = SDWebImagePrefetcher.h; sourceTree = "<group>"; };
		8B3915FE1DA39820003D3683 /* SDWebImagePrefetcher.m */ = {isa = PBXFileReference; fileEncoding = 4; lastKnownFileType = sourcecode.c.objc; path = SDWebImagePrefetcher.m; sourceTree = "<group>"; };
		8B3915FF1DA39820003D3683 /* UIButton+WebCache.h */ = {isa = PBXFileReference; fileEncoding = 4; lastKnownFileType = sourcecode.c.h; path = "UIButton+WebCache.h"; sourceTree = "<group>"; };
		8B3916001DA39820003D3683 /* UIButton+WebCache.m */ = {isa = PBXFileReference; fileEncoding = 4; lastKnownFileType = sourcecode.c.objc; path = "UIButton+WebCache.m"; sourceTree = "<group>"; };
		8B3916011DA39820003D3683 /* UIImage+GIF.h */ = {isa = PBXFileReference; fileEncoding = 4; lastKnownFileType = sourcecode.c.h; path = "UIImage+GIF.h"; sourceTree = "<group>"; };
		8B3916021DA39820003D3683 /* UIImage+GIF.m */ = {isa = PBXFileReference; fileEncoding = 4; lastKnownFileType = sourcecode.c.objc; path = "UIImage+GIF.m"; sourceTree = "<group>"; };
		8B3916031DA39820003D3683 /* UIImage+MultiFormat.h */ = {isa = PBXFileReference; fileEncoding = 4; lastKnownFileType = sourcecode.c.h; path = "UIImage+MultiFormat.h"; sourceTree = "<group>"; };
		8B3916041DA39820003D3683 /* UIImage+MultiFormat.m */ = {isa = PBXFileReference; fileEncoding = 4; lastKnownFileType = sourcecode.c.objc; path = "UIImage+MultiFormat.m"; sourceTree = "<group>"; };
		8B3916051DA39820003D3683 /* UIImageView+HighlightedWebCache.h */ = {isa = PBXFileReference; fileEncoding = 4; lastKnownFileType = sourcecode.c.h; path = "UIImageView+HighlightedWebCache.h"; sourceTree = "<group>"; };
		8B3916061DA39820003D3683 /* UIImageView+HighlightedWebCache.m */ = {isa = PBXFileReference; fileEncoding = 4; lastKnownFileType = sourcecode.c.objc; path = "UIImageView+HighlightedWebCache.m"; sourceTree = "<group>"; };
		8B3916071DA39820003D3683 /* UIImageView+WebCache.h */ = {isa = PBXFileReference; fileEncoding = 4; lastKnownFileType = sourcecode.c.h; path = "UIImageView+WebCache.h"; sourceTree = "<group>"; };
		8B3916081DA39820003D3683 /* UIImageView+WebCache.m */ = {isa = PBXFileReference; fileEncoding = 4; lastKnownFileType = sourcecode.c.objc; path = "UIImageView+WebCache.m"; sourceTree = "<group>"; };
		8B3916091DA39820003D3683 /* UIView+WebCacheOperation.h */ = {isa = PBXFileReference; fileEncoding = 4; lastKnownFileType = sourcecode.c.h; path = "UIView+WebCacheOperation.h"; sourceTree = "<group>"; };
		8B39160A1DA39820003D3683 /* UIView+WebCacheOperation.m */ = {isa = PBXFileReference; fileEncoding = 4; lastKnownFileType = sourcecode.c.objc; path = "UIView+WebCacheOperation.m"; sourceTree = "<group>"; };
		8B3916191DA3A452003D3683 /* DBManager.h */ = {isa = PBXFileReference; fileEncoding = 4; lastKnownFileType = sourcecode.c.h; name = DBManager.h; path = ../DBManager.h; sourceTree = "<group>"; };
		8B39161A1DA3A452003D3683 /* DBManager.m */ = {isa = PBXFileReference; fileEncoding = 4; lastKnownFileType = sourcecode.c.objc; name = DBManager.m; path = ../DBManager.m; sourceTree = "<group>"; };
		8B39161D1DA3A6BA003D3683 /* FMDatabase.h */ = {isa = PBXFileReference; fileEncoding = 4; lastKnownFileType = sourcecode.c.h; path = FMDatabase.h; sourceTree = "<group>"; };
		8B39161E1DA3A6BA003D3683 /* FMDatabase.m */ = {isa = PBXFileReference; fileEncoding = 4; lastKnownFileType = sourcecode.c.objc; path = FMDatabase.m; sourceTree = "<group>"; };
		8B39161F1DA3A6BA003D3683 /* FMDatabaseAdditions.h */ = {isa = PBXFileReference; fileEncoding = 4; lastKnownFileType = sourcecode.c.h; path = FMDatabaseAdditions.h; sourceTree = "<group>"; };
		8B3916201DA3A6BA003D3683 /* FMDatabaseAdditions.m */ = {isa = PBXFileReference; fileEncoding = 4; lastKnownFileType = sourcecode.c.objc; path = FMDatabaseAdditions.m; sourceTree = "<group>"; };
		8B3916211DA3A6BA003D3683 /* FMDatabasePool.h */ = {isa = PBXFileReference; fileEncoding = 4; lastKnownFileType = sourcecode.c.h; path = FMDatabasePool.h; sourceTree = "<group>"; };
		8B3916221DA3A6BA003D3683 /* FMDatabasePool.m */ = {isa = PBXFileReference; fileEncoding = 4; lastKnownFileType = sourcecode.c.objc; path = FMDatabasePool.m; sourceTree = "<group>"; };
		8B3916231DA3A6BA003D3683 /* FMDatabaseQueue.h */ = {isa = PBXFileReference; fileEncoding = 4; lastKnownFileType = sourcecode.c.h; path = FMDatabaseQueue.h; sourceTree = "<group>"; };
		8B3916241DA3A6BA003D3683 /* FMDatabaseQueue.m */ = {isa = PBXFileReference; fileEncoding = 4; lastKnownFileType = sourcecode.c.objc; path = FMDatabaseQueue.m; sourceTree = "<group>"; };
		8B3916251DA3A6BA003D3683 /* FMDB.h */ = {isa = PBXFileReference; fileEncoding = 4; lastKnownFileType = sourcecode.c.h; path = FMDB.h; sourceTree = "<group>"; };
		8B3916261DA3A6BA003D3683 /* FMResultSet.h */ = {isa = PBXFileReference; fileEncoding = 4; lastKnownFileType = sourcecode.c.h; path = FMResultSet.h; sourceTree = "<group>"; };
		8B3916271DA3A6BA003D3683 /* FMResultSet.m */ = {isa = PBXFileReference; fileEncoding = 4; lastKnownFileType = sourcecode.c.objc; path = FMResultSet.m; sourceTree = "<group>"; };
		8B3916401DA3CCBC003D3683 /* libsqlite3.0.tbd */ = {isa = PBXFileReference; lastKnownFileType = "sourcecode.text-based-dylib-definition"; name = libsqlite3.0.tbd; path = usr/lib/libsqlite3.0.tbd; sourceTree = SDKROOT; };
		8B4BC04B1DA26252004567A2 /* FirebaseAnalytics.framework */ = {isa = PBXFileReference; lastKnownFileType = wrapper.framework; path = FirebaseAnalytics.framework; sourceTree = "<group>"; };
		8B4BC04C1DA26252004567A2 /* FirebaseInstanceID.framework */ = {isa = PBXFileReference; lastKnownFileType = wrapper.framework; path = FirebaseInstanceID.framework; sourceTree = "<group>"; };
		8B4BC04D1DA26252004567A2 /* GoogleInterchangeUtilities.framework */ = {isa = PBXFileReference; lastKnownFileType = wrapper.framework; path = GoogleInterchangeUtilities.framework; sourceTree = "<group>"; };
		8B4BC04E1DA26252004567A2 /* GoogleSymbolUtilities.framework */ = {isa = PBXFileReference; lastKnownFileType = wrapper.framework; path = GoogleSymbolUtilities.framework; sourceTree = "<group>"; };
		8B4BC04F1DA26252004567A2 /* GoogleUtilities.framework */ = {isa = PBXFileReference; lastKnownFileType = wrapper.framework; path = GoogleUtilities.framework; sourceTree = "<group>"; };
		8B50B6F31DA5083200B80351 /* BaseDBObject.h */ = {isa = PBXFileReference; fileEncoding = 4; lastKnownFileType = sourcecode.c.h; path = BaseDBObject.h; sourceTree = "<group>"; };
		8B50B6F41DA5083200B80351 /* BaseDBObject.m */ = {isa = PBXFileReference; fileEncoding = 4; lastKnownFileType = sourcecode.c.objc; path = BaseDBObject.m; sourceTree = "<group>"; };
		8B60F74B1DA3E848009A3726 /* Users.sqlite */ = {isa = PBXFileReference; lastKnownFileType = file; path = Users.sqlite; sourceTree = "<group>"; };
		8B7630671DA386F300223015 /* User.h */ = {isa = PBXFileReference; fileEncoding = 4; lastKnownFileType = sourcecode.c.h; path = User.h; sourceTree = "<group>"; };
		8B7630681DA386F300223015 /* User.m */ = {isa = PBXFileReference; fileEncoding = 4; lastKnownFileType = sourcecode.c.objc; path = User.m; sourceTree = "<group>"; };
		8B76306C1DA387E000223015 /* SimpleDateConverter.h */ = {isa = PBXFileReference; fileEncoding = 4; lastKnownFileType = sourcecode.c.h; path = SimpleDateConverter.h; sourceTree = "<group>"; };
		8B76306D1DA387E000223015 /* SimpleDateConverter.m */ = {isa = PBXFileReference; fileEncoding = 4; lastKnownFileType = sourcecode.c.objc; path = SimpleDateConverter.m; sourceTree = "<group>"; };
		8B76306E1DA387E000223015 /* ObjectMapper-Prefix.pch */ = {isa = PBXFileReference; fileEncoding = 4; lastKnownFileType = sourcecode.c.h; path = "ObjectMapper-Prefix.pch"; sourceTree = "<group>"; };
		8B76306F1DA387E000223015 /* ObjectMapper.h */ = {isa = PBXFileReference; fileEncoding = 4; lastKnownFileType = sourcecode.c.h; path = ObjectMapper.h; sourceTree = "<group>"; };
		8B7630701DA387E000223015 /* ObjectMapper.m */ = {isa = PBXFileReference; fileEncoding = 4; lastKnownFileType = sourcecode.c.objc; path = ObjectMapper.m; sourceTree = "<group>"; };
		8B7630731DA3893B00223015 /* JSONKit.h */ = {isa = PBXFileReference; fileEncoding = 4; lastKnownFileType = sourcecode.c.h; path = JSONKit.h; sourceTree = "<group>"; };
		8B7630741DA3893B00223015 /* JSONKit.m */ = {isa = PBXFileReference; fileEncoding = 4; lastKnownFileType = sourcecode.c.objc; path = JSONKit.m; sourceTree = "<group>"; };
		8BE5F8421DA23DD10008E5F8 /* FireBaseDemo.app */ = {isa = PBXFileReference; explicitFileType = wrapper.application; includeInIndex = 0; path = FireBaseDemo.app; sourceTree = BUILT_PRODUCTS_DIR; };
		8BE5F8461DA23DD10008E5F8 /* main.m */ = {isa = PBXFileReference; lastKnownFileType = sourcecode.c.objc; path = main.m; sourceTree = "<group>"; };
		8BE5F8481DA23DD10008E5F8 /* AppDelegate.h */ = {isa = PBXFileReference; lastKnownFileType = sourcecode.c.h; path = AppDelegate.h; sourceTree = "<group>"; };
		8BE5F8491DA23DD10008E5F8 /* AppDelegate.m */ = {isa = PBXFileReference; lastKnownFileType = sourcecode.c.objc; path = AppDelegate.m; sourceTree = "<group>"; };
		8BE5F84B1DA23DD10008E5F8 /* ViewController.h */ = {isa = PBXFileReference; lastKnownFileType = sourcecode.c.h; path = ViewController.h; sourceTree = "<group>"; };
		8BE5F84C1DA23DD10008E5F8 /* ViewController.m */ = {isa = PBXFileReference; lastKnownFileType = sourcecode.c.objc; path = ViewController.m; sourceTree = "<group>"; };
		8BE5F84F1DA23DD10008E5F8 /* Base */ = {isa = PBXFileReference; lastKnownFileType = file.storyboard; name = Base; path = Base.lproj/Main.storyboard; sourceTree = "<group>"; };
		8BE5F8511DA23DD10008E5F8 /* Assets.xcassets */ = {isa = PBXFileReference; lastKnownFileType = folder.assetcatalog; path = Assets.xcassets; sourceTree = "<group>"; };
		8BE5F8541DA23DD10008E5F8 /* Base */ = {isa = PBXFileReference; lastKnownFileType = file.storyboard; name = Base; path = Base.lproj/LaunchScreen.storyboard; sourceTree = "<group>"; };
		8BE5F8561DA23DD10008E5F8 /* Info.plist */ = {isa = PBXFileReference; lastKnownFileType = text.plist.xml; path = Info.plist; sourceTree = "<group>"; };
		8BE5F85B1DA23DD10008E5F8 /* FireBaseDemoTests.xctest */ = {isa = PBXFileReference; explicitFileType = wrapper.cfbundle; includeInIndex = 0; path = FireBaseDemoTests.xctest; sourceTree = BUILT_PRODUCTS_DIR; };
		8BE5F85F1DA23DD10008E5F8 /* FireBaseDemoTests.m */ = {isa = PBXFileReference; lastKnownFileType = sourcecode.c.objc; path = FireBaseDemoTests.m; sourceTree = "<group>"; };
		8BE5F8611DA23DD10008E5F8 /* Info.plist */ = {isa = PBXFileReference; lastKnownFileType = text.plist.xml; path = Info.plist; sourceTree = "<group>"; };
		8BE5F86A1DA2418F0008E5F8 /* GoogleService-Info.plist */ = {isa = PBXFileReference; fileEncoding = 4; lastKnownFileType = text.plist.xml; path = "GoogleService-Info.plist"; sourceTree = "<group>"; };
		8BE5F86C1DA2538A0008E5F8 /* FirebaseMessaging.framework */ = {isa = PBXFileReference; lastKnownFileType = wrapper.framework; path = FirebaseMessaging.framework; sourceTree = "<group>"; };
		8BE5F86D1DA2538A0008E5F8 /* GoogleIPhoneUtilities.framework */ = {isa = PBXFileReference; lastKnownFileType = wrapper.framework; path = GoogleIPhoneUtilities.framework; sourceTree = "<group>"; };
		8BE5F87B1DA255C50008E5F8 /* Firebase.h */ = {isa = PBXFileReference; lastKnownFileType = sourcecode.c.h; path = Firebase.h; sourceTree = "<group>"; };
/* End PBXFileReference section */

/* Begin PBXFrameworksBuildPhase section */
		8BE5F83F1DA23DCF0008E5F8 /* Frameworks */ = {
			isa = PBXFrameworksBuildPhase;
			buildActionMask = 2147483647;
			files = (
				8B3916411DA3CCBC003D3683 /* libsqlite3.0.tbd in Frameworks */,
				8B4BC0531DA26252004567A2 /* GoogleSymbolUtilities.framework in Frameworks */,
				8BE5F86E1DA2538A0008E5F8 /* FirebaseMessaging.framework in Frameworks */,
				8BE5F86F1DA2538A0008E5F8 /* GoogleIPhoneUtilities.framework in Frameworks */,
				8B4BC0501DA26252004567A2 /* FirebaseAnalytics.framework in Frameworks */,
				8B4BC0511DA26252004567A2 /* FirebaseInstanceID.framework in Frameworks */,
				8B4BC0521DA26252004567A2 /* GoogleInterchangeUtilities.framework in Frameworks */,
				8B4BC0541DA26252004567A2 /* GoogleUtilities.framework in Frameworks */,
			);
			runOnlyForDeploymentPostprocessing = 0;
		};
		8BE5F8581DA23DD10008E5F8 /* Frameworks */ = {
			isa = PBXFrameworksBuildPhase;
			buildActionMask = 2147483647;
			files = (
			);
			runOnlyForDeploymentPostprocessing = 0;
		};
/* End PBXFrameworksBuildPhase section */

/* Begin PBXGroup section */
		8B3915ED1DA39820003D3683 /* SDWebImage */ = {
			isa = PBXGroup;
			children = (
				8B3915EE1DA39820003D3683 /* NSData+ImageContentType.h */,
				8B3915EF1DA39820003D3683 /* NSData+ImageContentType.m */,
				8B3915F01DA39820003D3683 /* SDImageCache.h */,
				8B3915F11DA39820003D3683 /* SDImageCache.m */,
				8B3915F21DA39820003D3683 /* SDWebImageCompat.h */,
				8B3915F31DA39820003D3683 /* SDWebImageCompat.m */,
				8B3915F41DA39820003D3683 /* SDWebImageDecoder.h */,
				8B3915F51DA39820003D3683 /* SDWebImageDecoder.m */,
				8B3915F61DA39820003D3683 /* SDWebImageDownloader.h */,
				8B3915F71DA39820003D3683 /* SDWebImageDownloader.m */,
				8B3915F81DA39820003D3683 /* SDWebImageDownloaderOperation.h */,
				8B3915F91DA39820003D3683 /* SDWebImageDownloaderOperation.m */,
				8B3915FA1DA39820003D3683 /* SDWebImageManager.h */,
				8B3915FB1DA39820003D3683 /* SDWebImageManager.m */,
				8B3915FC1DA39820003D3683 /* SDWebImageOperation.h */,
				8B3915FD1DA39820003D3683 /* SDWebImagePrefetcher.h */,
				8B3915FE1DA39820003D3683 /* SDWebImagePrefetcher.m */,
				8B3915FF1DA39820003D3683 /* UIButton+WebCache.h */,
				8B3916001DA39820003D3683 /* UIButton+WebCache.m */,
				8B3916011DA39820003D3683 /* UIImage+GIF.h */,
				8B3916021DA39820003D3683 /* UIImage+GIF.m */,
				8B3916031DA39820003D3683 /* UIImage+MultiFormat.h */,
				8B3916041DA39820003D3683 /* UIImage+MultiFormat.m */,
				8B3916051DA39820003D3683 /* UIImageView+HighlightedWebCache.h */,
				8B3916061DA39820003D3683 /* UIImageView+HighlightedWebCache.m */,
				8B3916071DA39820003D3683 /* UIImageView+WebCache.h */,
				8B3916081DA39820003D3683 /* UIImageView+WebCache.m */,
				8B3916091DA39820003D3683 /* UIView+WebCacheOperation.h */,
				8B39160A1DA39820003D3683 /* UIView+WebCacheOperation.m */,
			);
			path = SDWebImage;
			sourceTree = "<group>";
		};
		8B39161C1DA3A6BA003D3683 /* fmdb */ = {
			isa = PBXGroup;
			children = (
				8B39161D1DA3A6BA003D3683 /* FMDatabase.h */,
				8B39161E1DA3A6BA003D3683 /* FMDatabase.m */,
				8B39161F1DA3A6BA003D3683 /* FMDatabaseAdditions.h */,
				8B3916201DA3A6BA003D3683 /* FMDatabaseAdditions.m */,
				8B3916211DA3A6BA003D3683 /* FMDatabasePool.h */,
				8B3916221DA3A6BA003D3683 /* FMDatabasePool.m */,
				8B3916231DA3A6BA003D3683 /* FMDatabaseQueue.h */,
				8B3916241DA3A6BA003D3683 /* FMDatabaseQueue.m */,
				8B3916251DA3A6BA003D3683 /* FMDB.h */,
				8B3916261DA3A6BA003D3683 /* FMResultSet.h */,
				8B3916271DA3A6BA003D3683 /* FMResultSet.m */,
			);
			path = fmdb;
			sourceTree = "<group>";
		};
		8B39163F1DA3CCBC003D3683 /* Frameworks */ = {
			isa = PBXGroup;
			children = (
				8B3916401DA3CCBC003D3683 /* libsqlite3.0.tbd */,
			);
			name = Frameworks;
			sourceTree = "<group>";
		};
		8B76306A1DA387E000223015 /* ObjectMapper */ = {
			isa = PBXGroup;
			children = (
				8B76306B1DA387E000223015 /* Converters */,
				8B76306E1DA387E000223015 /* ObjectMapper-Prefix.pch */,
				8B76306F1DA387E000223015 /* ObjectMapper.h */,
				8B7630701DA387E000223015 /* ObjectMapper.m */,
				8B3915EA1DA393AF003D3683 /* UserCell.h */,
				8B3915EB1DA393AF003D3683 /* UserCell.m */,
			);
			path = ObjectMapper;
			sourceTree = "<group>";
		};
		8B76306B1DA387E000223015 /* Converters */ = {
			isa = PBXGroup;
			children = (
				8B76306C1DA387E000223015 /* SimpleDateConverter.h */,
				8B76306D1DA387E000223015 /* SimpleDateConverter.m */,
			);
			path = Converters;
			sourceTree = "<group>";
		};
		8BE5F8391DA23DCF0008E5F8 = {
			isa = PBXGroup;
			children = (
				8B39161C1DA3A6BA003D3683 /* fmdb */,
				8B3915ED1DA39820003D3683 /* SDWebImage */,
				8BE5F8441DA23DD10008E5F8 /* FireBaseDemo */,
				8BE5F85E1DA23DD10008E5F8 /* FireBaseDemoTests */,
				8BE5F8431DA23DD10008E5F8 /* Products */,
				8B39163F1DA3CCBC003D3683 /* Frameworks */,
			);
			sourceTree = "<group>";
		};
		8BE5F8431DA23DD10008E5F8 /* Products */ = {
			isa = PBXGroup;
			children = (
				8BE5F8421DA23DD10008E5F8 /* FireBaseDemo.app */,
				8BE5F85B1DA23DD10008E5F8 /* FireBaseDemoTests.xctest */,
			);
			name = Products;
			sourceTree = "<group>";
		};
		8BE5F8441DA23DD10008E5F8 /* FireBaseDemo */ = {
			isa = PBXGroup;
			children = (
				8B50B6F31DA5083200B80351 /* BaseDBObject.h */,
				8B50B6F41DA5083200B80351 /* BaseDBObject.m */,
				8B60F74B1DA3E848009A3726 /* Users.sqlite */,
				8B3916191DA3A452003D3683 /* DBManager.h */,
				8B39161A1DA3A452003D3683 /* DBManager.m */,
				8B7630731DA3893B00223015 /* JSONKit.h */,
				8B7630741DA3893B00223015 /* JSONKit.m */,
				8B76306A1DA387E000223015 /* ObjectMapper */,
				8B4BC04B1DA26252004567A2 /* FirebaseAnalytics.framework */,
				8B4BC04C1DA26252004567A2 /* FirebaseInstanceID.framework */,
				8B4BC04D1DA26252004567A2 /* GoogleInterchangeUtilities.framework */,
				8B4BC04E1DA26252004567A2 /* GoogleSymbolUtilities.framework */,
				8B4BC04F1DA26252004567A2 /* GoogleUtilities.framework */,
				8BE5F87B1DA255C50008E5F8 /* Firebase.h */,
				8BE5F86C1DA2538A0008E5F8 /* FirebaseMessaging.framework */,
				8BE5F86D1DA2538A0008E5F8 /* GoogleIPhoneUtilities.framework */,
				8BE5F86A1DA2418F0008E5F8 /* GoogleService-Info.plist */,
				8BE5F8481DA23DD10008E5F8 /* AppDelegate.h */,
				8BE5F8491DA23DD10008E5F8 /* AppDelegate.m */,
				8BE5F84B1DA23DD10008E5F8 /* ViewController.h */,
				8BE5F84C1DA23DD10008E5F8 /* ViewController.m */,
				8BE5F84E1DA23DD10008E5F8 /* Main.storyboard */,
				8BE5F8511DA23DD10008E5F8 /* Assets.xcassets */,
				8BE5F8531DA23DD10008E5F8 /* LaunchScreen.storyboard */,
				8BE5F8561DA23DD10008E5F8 /* Info.plist */,
				8BE5F8451DA23DD10008E5F8 /* Supporting Files */,
				8B7630671DA386F300223015 /* User.h */,
				8B7630681DA386F300223015 /* User.m */,
			);
			path = FireBaseDemo;
			sourceTree = "<group>";
		};
		8BE5F8451DA23DD10008E5F8 /* Supporting Files */ = {
			isa = PBXGroup;
			children = (
				8BE5F8461DA23DD10008E5F8 /* main.m */,
			);
			name = "Supporting Files";
			sourceTree = "<group>";
		};
		8BE5F85E1DA23DD10008E5F8 /* FireBaseDemoTests */ = {
			isa = PBXGroup;
			children = (
				8BE5F85F1DA23DD10008E5F8 /* FireBaseDemoTests.m */,
				8BE5F8611DA23DD10008E5F8 /* Info.plist */,
			);
			path = FireBaseDemoTests;
			sourceTree = "<group>";
		};
/* End PBXGroup section */

/* Begin PBXNativeTarget section */
		8BE5F8411DA23DCF0008E5F8 /* FireBaseDemo */ = {
			isa = PBXNativeTarget;
			buildConfigurationList = 8BE5F8641DA23DD10008E5F8 /* Build configuration list for PBXNativeTarget "FireBaseDemo" */;
			buildPhases = (
				8BE5F83E1DA23DCF0008E5F8 /* Sources */,
				8BE5F83F1DA23DCF0008E5F8 /* Frameworks */,
				8BE5F8401DA23DCF0008E5F8 /* Resources */,
			);
			buildRules = (
			);
			dependencies = (
			);
			name = FireBaseDemo;
			productName = FireBaseDemo;
			productReference = 8BE5F8421DA23DD10008E5F8 /* FireBaseDemo.app */;
			productType = "com.apple.product-type.application";
		};
		8BE5F85A1DA23DD10008E5F8 /* FireBaseDemoTests */ = {
			isa = PBXNativeTarget;
			buildConfigurationList = 8BE5F8671DA23DD10008E5F8 /* Build configuration list for PBXNativeTarget "FireBaseDemoTests" */;
			buildPhases = (
				8BE5F8571DA23DD10008E5F8 /* Sources */,
				8BE5F8581DA23DD10008E5F8 /* Frameworks */,
				8BE5F8591DA23DD10008E5F8 /* Resources */,
			);
			buildRules = (
			);
			dependencies = (
				8BE5F85D1DA23DD10008E5F8 /* PBXTargetDependency */,
			);
			name = FireBaseDemoTests;
			productName = FireBaseDemoTests;
			productReference = 8BE5F85B1DA23DD10008E5F8 /* FireBaseDemoTests.xctest */;
			productType = "com.apple.product-type.bundle.unit-test";
		};
/* End PBXNativeTarget section */

/* Begin PBXProject section */
		8BE5F83A1DA23DCF0008E5F8 /* Project object */ = {
			isa = PBXProject;
			attributes = {
				LastUpgradeCheck = 0800;
				ORGANIZATIONNAME = digicorp;
				TargetAttributes = {
					8BE5F8411DA23DCF0008E5F8 = {
						CreatedOnToolsVersion = 8.0;
						DevelopmentTeam = 56T8BECPLN;
						ProvisioningStyle = Manual;
					};
					8BE5F85A1DA23DD10008E5F8 = {
						CreatedOnToolsVersion = 8.0;
						DevelopmentTeam = 56T8BECPLN;
						ProvisioningStyle = Automatic;
						TestTargetID = 8BE5F8411DA23DCF0008E5F8;
					};
				};
			};
			buildConfigurationList = 8BE5F83D1DA23DCF0008E5F8 /* Build configuration list for PBXProject "FireBaseDemo" */;
			compatibilityVersion = "Xcode 3.2";
			developmentRegion = English;
			hasScannedForEncodings = 0;
			knownRegions = (
				en,
				Base,
			);
			mainGroup = 8BE5F8391DA23DCF0008E5F8;
			productRefGroup = 8BE5F8431DA23DD10008E5F8 /* Products */;
			projectDirPath = "";
			projectRoot = "";
			targets = (
				8BE5F8411DA23DCF0008E5F8 /* FireBaseDemo */,
				8BE5F85A1DA23DD10008E5F8 /* FireBaseDemoTests */,
			);
		};
/* End PBXProject section */

/* Begin PBXResourcesBuildPhase section */
		8BE5F8401DA23DCF0008E5F8 /* Resources */ = {
			isa = PBXResourcesBuildPhase;
			buildActionMask = 2147483647;
			files = (
				8BE5F8551DA23DD10008E5F8 /* LaunchScreen.storyboard in Resources */,
				8BE5F86B1DA2418F0008E5F8 /* GoogleService-Info.plist in Resources */,
				8BE5F8521DA23DD10008E5F8 /* Assets.xcassets in Resources */,
				8BE5F8501DA23DD10008E5F8 /* Main.storyboard in Resources */,
				8B60F74C1DA3E848009A3726 /* Users.sqlite in Resources */,
			);
			runOnlyForDeploymentPostprocessing = 0;
		};
		8BE5F8591DA23DD10008E5F8 /* Resources */ = {
			isa = PBXResourcesBuildPhase;
			buildActionMask = 2147483647;
			files = (
				8B60F74D1DA3E848009A3726 /* Users.sqlite in Resources */,
			);
			runOnlyForDeploymentPostprocessing = 0;
		};
/* End PBXResourcesBuildPhase section */

/* Begin PBXSourcesBuildPhase section */
		8BE5F83E1DA23DCF0008E5F8 /* Sources */ = {
			isa = PBXSourcesBuildPhase;
			buildActionMask = 2147483647;
			files = (
				8B50B6F51DA5083200B80351 /* BaseDBObject.m in Sources */,
				8B3916141DA39820003D3683 /* UIImage+GIF.m in Sources */,
				8B39160D1DA39820003D3683 /* SDWebImageCompat.m in Sources */,
				8B39162C1DA3A6BA003D3683 /* FMResultSet.m in Sources */,
				8B3916131DA39820003D3683 /* UIButton+WebCache.m in Sources */,
				8B3916151DA39820003D3683 /* UIImage+MultiFormat.m in Sources */,
				8B3916291DA3A6BA003D3683 /* FMDatabaseAdditions.m in Sources */,
				8B3916181DA39820003D3683 /* UIView+WebCacheOperation.m in Sources */,
				8B3916121DA39820003D3683 /* SDWebImagePrefetcher.m in Sources */,
				8B7630691DA386F300223015 /* User.m in Sources */,
				8BE5F84D1DA23DD10008E5F8 /* ViewController.m in Sources */,
				8BE5F84A1DA23DD10008E5F8 /* AppDelegate.m in Sources */,
				8B3916101DA39820003D3683 /* SDWebImageDownloaderOperation.m in Sources */,
				8B39160E1DA39820003D3683 /* SDWebImageDecoder.m in Sources */,
				8BE5F8471DA23DD10008E5F8 /* main.m in Sources */,
				8B3916171DA39820003D3683 /* UIImageView+WebCache.m in Sources */,
				8B39160B1DA39820003D3683 /* NSData+ImageContentType.m in Sources */,
				8B39162A1DA3A6BA003D3683 /* FMDatabasePool.m in Sources */,
				8B39160F1DA39820003D3683 /* SDWebImageDownloader.m in Sources */,
				8B3916281DA3A6BA003D3683 /* FMDatabase.m in Sources */,
				8B3915EC1DA393AF003D3683 /* UserCell.m in Sources */,
				8B7630711DA387E000223015 /* SimpleDateConverter.m in Sources */,
				8B39161B1DA3A452003D3683 /* DBManager.m in Sources */,
				8B7630751DA3893B00223015 /* JSONKit.m in Sources */,
				8B3916111DA39820003D3683 /* SDWebImageManager.m in Sources */,
				8B7630721DA387E000223015 /* ObjectMapper.m in Sources */,
				8B3916161DA39820003D3683 /* UIImageView+HighlightedWebCache.m in Sources */,
				8B39160C1DA39820003D3683 /* SDImageCache.m in Sources */,
				8B39162B1DA3A6BA003D3683 /* FMDatabaseQueue.m in Sources */,
			);
			runOnlyForDeploymentPostprocessing = 0;
		};
		8BE5F8571DA23DD10008E5F8 /* Sources */ = {
			isa = PBXSourcesBuildPhase;
			buildActionMask = 2147483647;
			files = (
				8BE5F8601DA23DD10008E5F8 /* FireBaseDemoTests.m in Sources */,
			);
			runOnlyForDeploymentPostprocessing = 0;
		};
/* End PBXSourcesBuildPhase section */

/* Begin PBXTargetDependency section */
		8BE5F85D1DA23DD10008E5F8 /* PBXTargetDependency */ = {
			isa = PBXTargetDependency;
			target = 8BE5F8411DA23DCF0008E5F8 /* FireBaseDemo */;
			targetProxy = 8BE5F85C1DA23DD10008E5F8 /* PBXContainerItemProxy */;
		};
/* End PBXTargetDependency section */

/* Begin PBXVariantGroup section */
		8BE5F84E1DA23DD10008E5F8 /* Main.storyboard */ = {
			isa = PBXVariantGroup;
			children = (
				8BE5F84F1DA23DD10008E5F8 /* Base */,
			);
			name = Main.storyboard;
			sourceTree = "<group>";
		};
		8BE5F8531DA23DD10008E5F8 /* LaunchScreen.storyboard */ = {
			isa = PBXVariantGroup;
			children = (
				8BE5F8541DA23DD10008E5F8 /* Base */,
			);
			name = LaunchScreen.storyboard;
			sourceTree = "<group>";
		};
/* End PBXVariantGroup section */

/* Begin XCBuildConfiguration section */
		8BE5F8621DA23DD10008E5F8 /* Debug */ = {
			isa = XCBuildConfiguration;
			buildSettings = {
				ALWAYS_SEARCH_USER_PATHS = NO;
				CLANG_ANALYZER_NONNULL = YES;
				CLANG_CXX_LANGUAGE_STANDARD = "gnu++0x";
				CLANG_CXX_LIBRARY = "libc++";
				CLANG_ENABLE_MODULES = YES;
				CLANG_ENABLE_OBJC_ARC = YES;
				CLANG_WARN_BOOL_CONVERSION = YES;
				CLANG_WARN_CONSTANT_CONVERSION = YES;
				CLANG_WARN_DIRECT_OBJC_ISA_USAGE = YES_ERROR;
				CLANG_WARN_DOCUMENTATION_COMMENTS = YES;
				CLANG_WARN_EMPTY_BODY = YES;
				CLANG_WARN_ENUM_CONVERSION = YES;
				CLANG_WARN_INFINITE_RECURSION = YES;
				CLANG_WARN_INT_CONVERSION = YES;
				CLANG_WARN_OBJC_ROOT_CLASS = YES_ERROR;
				CLANG_WARN_SUSPICIOUS_MOVES = YES;
				CLANG_WARN_UNREACHABLE_CODE = YES;
				CLANG_WARN__DUPLICATE_METHOD_MATCH = YES;
				"CODE_SIGN_IDENTITY[sdk=iphoneos*]" = "iPhone Developer";
				COPY_PHASE_STRIP = NO;
				DEBUG_INFORMATION_FORMAT = dwarf;
				ENABLE_STRICT_OBJC_MSGSEND = YES;
				ENABLE_TESTABILITY = YES;
				GCC_C_LANGUAGE_STANDARD = gnu99;
				GCC_DYNAMIC_NO_PIC = NO;
				GCC_NO_COMMON_BLOCKS = YES;
				GCC_OPTIMIZATION_LEVEL = 0;
				GCC_PREPROCESSOR_DEFINITIONS = (
					"DEBUG=1",
					"$(inherited)",
				);
				GCC_WARN_64_TO_32_BIT_CONVERSION = YES;
				GCC_WARN_ABOUT_RETURN_TYPE = YES_ERROR;
				GCC_WARN_UNDECLARED_SELECTOR = YES;
				GCC_WARN_UNINITIALIZED_AUTOS = YES_AGGRESSIVE;
				GCC_WARN_UNUSED_FUNCTION = YES;
				GCC_WARN_UNUSED_VARIABLE = YES;
				IPHONEOS_DEPLOYMENT_TARGET = 9.0;
				MTL_ENABLE_DEBUG_INFO = YES;
				ONLY_ACTIVE_ARCH = YES;
				OTHER_LDFLAGS = "-ObjC";
				SDKROOT = iphoneos;
				TARGETED_DEVICE_FAMILY = "1,2";
			};
			name = Debug;
		};
		8BE5F8631DA23DD10008E5F8 /* Release */ = {
			isa = XCBuildConfiguration;
			buildSettings = {
				ALWAYS_SEARCH_USER_PATHS = NO;
				CLANG_ANALYZER_NONNULL = YES;
				CLANG_CXX_LANGUAGE_STANDARD = "gnu++0x";
				CLANG_CXX_LIBRARY = "libc++";
				CLANG_ENABLE_MODULES = YES;
				CLANG_ENABLE_OBJC_ARC = YES;
				CLANG_WARN_BOOL_CONVERSION = YES;
				CLANG_WARN_CONSTANT_CONVERSION = YES;
				CLANG_WARN_DIRECT_OBJC_ISA_USAGE = YES_ERROR;
				CLANG_WARN_DOCUMENTATION_COMMENTS = YES;
				CLANG_WARN_EMPTY_BODY = YES;
				CLANG_WARN_ENUM_CONVERSION = YES;
				CLANG_WARN_INFINITE_RECURSION = YES;
				CLANG_WARN_INT_CONVERSION = YES;
				CLANG_WARN_OBJC_ROOT_CLASS = YES_ERROR;
				CLANG_WARN_SUSPICIOUS_MOVES = YES;
				CLANG_WARN_UNREACHABLE_CODE = YES;
				CLANG_WARN__DUPLICATE_METHOD_MATCH = YES;
				"CODE_SIGN_IDENTITY[sdk=iphoneos*]" = "iPhone Developer";
				COPY_PHASE_STRIP = NO;
				DEBUG_INFORMATION_FORMAT = "dwarf-with-dsym";
				ENABLE_NS_ASSERTIONS = NO;
				ENABLE_STRICT_OBJC_MSGSEND = YES;
				GCC_C_LANGUAGE_STANDARD = gnu99;
				GCC_NO_COMMON_BLOCKS = YES;
				GCC_WARN_64_TO_32_BIT_CONVERSION = YES;
				GCC_WARN_ABOUT_RETURN_TYPE = YES_ERROR;
				GCC_WARN_UNDECLARED_SELECTOR = YES;
				GCC_WARN_UNINITIALIZED_AUTOS = YES_AGGRESSIVE;
				GCC_WARN_UNUSED_FUNCTION = YES;
				GCC_WARN_UNUSED_VARIABLE = YES;
				IPHONEOS_DEPLOYMENT_TARGET = 9.0;
				MTL_ENABLE_DEBUG_INFO = NO;
				OTHER_LDFLAGS = "-ObjC";
				SDKROOT = iphoneos;
				TARGETED_DEVICE_FAMILY = "1,2";
				VALIDATE_PRODUCT = YES;
			};
			name = Release;
		};
		8BE5F8651DA23DD10008E5F8 /* Debug */ = {
			isa = XCBuildConfiguration;
			buildSettings = {
				ASSETCATALOG_COMPILER_APPICON_NAME = AppIcon;
				"CODE_SIGN_IDENTITY[sdk=iphoneos*]" = "iPhone Developer";
				DEVELOPMENT_TEAM = 56T8BECPLN;
				FRAMEWORK_SEARCH_PATHS = (
					"$(inherited)",
					"$(PROJECT_DIR)/FireBaseDemo",
					"$(PROJECT_DIR)/Analytics",
				);
				INFOPLIST_FILE = FireBaseDemo/Info.plist;
				IPHONEOS_DEPLOYMENT_TARGET = 9.0;
				LD_RUNPATH_SEARCH_PATHS = "$(inherited) @executable_path/Frameworks";
				PRODUCT_BUNDLE_IDENTIFIER = "";
				PRODUCT_NAME = "$(TARGET_NAME)";
				PROVISIONING_PROFILE = "36aa6024-add7-41c5-a64e-3d2ab4eab016";
				PROVISIONING_PROFILE_SPECIFIER = Digicorp_star_development;
			};
			name = Debug;
		};
		8BE5F8661DA23DD10008E5F8 /* Release */ = {
			isa = XCBuildConfiguration;
			buildSettings = {
				ASSETCATALOG_COMPILER_APPICON_NAME = AppIcon;
				"CODE_SIGN_IDENTITY[sdk=iphoneos*]" = "iPhone Developer";
				DEVELOPMENT_TEAM = "";
				FRAMEWORK_SEARCH_PATHS = (
					"$(inherited)",
					"$(PROJECT_DIR)/FireBaseDemo",
					"$(PROJECT_DIR)/Analytics",
				);
				INFOPLIST_FILE = FireBaseDemo/Info.plist;
				IPHONEOS_DEPLOYMENT_TARGET = 9.0;
				LD_RUNPATH_SEARCH_PATHS = "$(inherited) @executable_path/Frameworks";
				PRODUCT_BUNDLE_IDENTIFIER = "";
				PRODUCT_NAME = "$(TARGET_NAME)";
			};
			name = Release;
		};
		8BE5F8681DA23DD10008E5F8 /* Debug */ = {
			isa = XCBuildConfiguration;
			buildSettings = {
				BUNDLE_LOADER = "$(TEST_HOST)";
				DEVELOPMENT_TEAM = 56T8BECPLN;
				INFOPLIST_FILE = FireBaseDemoTests/Info.plist;
				LD_RUNPATH_SEARCH_PATHS = "$(inherited) @executable_path/Frameworks @loader_path/Frameworks";
				PRODUCT_BUNDLE_IDENTIFIER = com.digicorp.downloadmanager.FireBaseDemoTests;
				PRODUCT_NAME = "$(TARGET_NAME)";
				TEST_HOST = "$(BUILT_PRODUCTS_DIR)/FireBaseDemo.app/FireBaseDemo";
			};
			name = Debug;
		};
		8BE5F8691DA23DD10008E5F8 /* Release */ = {
			isa = XCBuildConfiguration;
			buildSettings = {
				BUNDLE_LOADER = "$(TEST_HOST)";
				DEVELOPMENT_TEAM = 56T8BECPLN;
				INFOPLIST_FILE = FireBaseDemoTests/Info.plist;
				LD_RUNPATH_SEARCH_PATHS = "$(inherited) @executable_path/Frameworks @loader_path/Frameworks";
				PRODUCT_BUNDLE_IDENTIFIER = com.digicorp.downloadmanager.FireBaseDemoTests;
				PRODUCT_NAME = "$(TARGET_NAME)";
				TEST_HOST = "$(BUILT_PRODUCTS_DIR)/FireBaseDemo.app/FireBaseDemo";
			};
			name = Release;
		};
/* End XCBuildConfiguration section */

/* Begin XCConfigurationList section */
		8BE5F83D1DA23DCF0008E5F8 /* Build configuration list for PBXProject "FireBaseDemo" */ = {
			isa = XCConfigurationList;
			buildConfigurations = (
				8BE5F8621DA23DD10008E5F8 /* Debug */,
				8BE5F8631DA23DD10008E5F8 /* Release */,
			);
			defaultConfigurationIsVisible = 0;
			defaultConfigurationName = Release;
		};
		8BE5F8641DA23DD10008E5F8 /* Build configuration list for PBXNativeTarget "FireBaseDemo" */ = {
			isa = XCConfigurationList;
			buildConfigurations = (
				8BE5F8651DA23DD10008E5F8 /* Debug */,
				8BE5F8661DA23DD10008E5F8 /* Release */,
			);
			defaultConfigurationIsVisible = 0;
			defaultConfigurationName = Release;
		};
		8BE5F8671DA23DD10008E5F8 /* Build configuration list for PBXNativeTarget "FireBaseDemoTests" */ = {
			isa = XCConfigurationList;
			buildConfigurations = (
				8BE5F8681DA23DD10008E5F8 /* Debug */,
				8BE5F8691DA23DD10008E5F8 /* Release */,
			);
			defaultConfigurationIsVisible = 0;
			defaultConfigurationName = Release;
		};
/* End XCConfigurationList section */
	};
	rootObject = 8BE5F83A1DA23DCF0008E5F8 /* Project object */;
}
